<?xml version="1.0" encoding="utf-8"?>
<Project ToolsVersion="4.0" xmlns="http://schemas.microsoft.com/developer/msbuild/2003">
  <ItemGroup>
    <Filter Include="소스 파일">
      <UniqueIdentifier>{4FC737F1-C7A5-4376-A066-2A32D752A2FF}</UniqueIdentifier>
      <Extensions>cpp;c;cc;cxx;def;odl;idl;hpj;bat;asm;asmx</Extensions>
    </Filter>
    <Filter Include="헤더 파일">
      <UniqueIdentifier>{93995380-89BD-4b04-88EB-625FBE52EBFB}</UniqueIdentifier>
      <Extensions>h;hh;hpp;hxx;hm;inl;inc;ipp;xsd</Extensions>
    </Filter>
    <Filter Include="리소스 파일">
      <UniqueIdentifier>{67DA6AB6-F800-4c08-8B7A-83BB121AAD01}</UniqueIdentifier>
      <Extensions>rc;ico;cur;bmp;dlg;rc2;rct;bin;rgs;gif;jpg;jpeg;jpe;resx;tiff;tif;png;wav;mfcribbon-ms</Extensions>
    </Filter>
    <Filter Include="2DFrameWork">
      <UniqueIdentifier>{dbd398f0-f7f6-4ef1-b236-3b308be2ac15}</UniqueIdentifier>
    </Filter>
    <Filter Include="2DFrameWork\Manager">
      <UniqueIdentifier>{36707704-0ab8-4d9d-bea1-156e66694074}</UniqueIdentifier>
    </Filter>
    <Filter Include="2DFrameWork\Timer">
      <UniqueIdentifier>{26323261-6488-44ee-8a68-cc36946fcb8f}</UniqueIdentifier>
    </Filter>
    <Filter Include="MainGame">
      <UniqueIdentifier>{bcf408e5-2bb9-448b-a8c3-e7f71ffe8498}</UniqueIdentifier>
    </Filter>
    <Filter Include="MainGame\UI">
      <UniqueIdentifier>{d40e5e63-cab4-4ad9-9cbf-a41f8c5ce27f}</UniqueIdentifier>
    </Filter>
    <Filter Include="MainGame\Object">
      <UniqueIdentifier>{9dd8ff61-fd12-471c-8638-d67d30d7240e}</UniqueIdentifier>
    </Filter>
    <Filter Include="MainGame\Object\Enemy">
      <UniqueIdentifier>{e52e66fd-7323-45f5-9816-038b49d34da5}</UniqueIdentifier>
    </Filter>
    <Filter Include="MainGame\UI\Map">
      <UniqueIdentifier>{21797af4-7981-4925-85d0-bd75de582df9}</UniqueIdentifier>
    </Filter>
    <Filter Include="MainGame\Object\Unit">
      <UniqueIdentifier>{fc08663d-2a3b-42f7-acf2-fc82f22fa8ee}</UniqueIdentifier>
    </Filter>
    <Filter Include="MainGame\Object\MissileManager">
      <UniqueIdentifier>{cd118cb9-6b3b-41ba-bba3-ea00edc7593f}</UniqueIdentifier>
    </Filter>
    <Filter Include="MainGame\Object\Item">
      <UniqueIdentifier>{d5dadb7c-23bd-4d64-8e7a-c7a50861dce4}</UniqueIdentifier>
    </Filter>
  </ItemGroup>
  <ItemGroup>
    <ClCompile Include="main.cpp">
      <Filter>소스 파일</Filter>
    </ClCompile>
    <ClCompile Include="ImageManager.cpp">
      <Filter>2DFrameWork\Manager</Filter>
    </ClCompile>
    <ClCompile Include="KeyManager.cpp">
      <Filter>2DFrameWork\Manager</Filter>
    </ClCompile>
    <ClCompile Include="TImeManager.cpp">
      <Filter>2DFrameWork\Manager</Filter>
    </ClCompile>
    <ClCompile Include="SoundManager.cpp">
      <Filter>2DFrameWork\Manager</Filter>
    </ClCompile>
    <ClCompile Include="Timer.cpp">
      <Filter>2DFrameWork\Timer</Filter>
    </ClCompile>
    <ClCompile Include="Image.cpp">
      <Filter>2DFrameWork</Filter>
    </ClCompile>
    <ClCompile Include="MainGame.cpp">
      <Filter>MainGame</Filter>
    </ClCompile>
    <ClCompile Include="BattleScene.cpp">
      <Filter>MainGame</Filter>
    </ClCompile>
    <ClCompile Include="SceneManager.cpp">
      <Filter>MainGame</Filter>
    </ClCompile>
    <ClCompile Include="Enemy.cpp">
      <Filter>MainGame\Object\Enemy</Filter>
    </ClCompile>
    <ClCompile Include="EnemyMgr.cpp">
      <Filter>MainGame\Object\Enemy</Filter>
    </ClCompile>
    <ClCompile Include="Wraith.cpp">
      <Filter>MainGame\Object\Enemy</Filter>
    </ClCompile>
    <ClCompile Include="Defiler.cpp">
      <Filter>MainGame\Object\Unit</Filter>
    </ClCompile>
    <ClCompile Include="Unit.cpp">
      <Filter>MainGame\Object\Unit</Filter>
    </ClCompile>
    <ClCompile Include="UIBattle.cpp">
      <Filter>MainGame\UI</Filter>
    </ClCompile>
    <ClCompile Include="Map.cpp">
      <Filter>MainGame\UI\Map</Filter>
    </ClCompile>
    <ClCompile Include="Mutalisk.cpp">
      <Filter>MainGame\Object\Unit</Filter>
    </ClCompile>
    <ClCompile Include="Scurge.cpp">
      <Filter>MainGame\Object\Enemy</Filter>
    </ClCompile>
    <ClCompile Include="BattleCruiser.cpp">
      <Filter>MainGame\Object\Enemy</Filter>
    </ClCompile>
    <ClCompile Include="Dragoon.cpp">
      <Filter>MainGame\Object\Enemy</Filter>
    </ClCompile>
    <ClCompile Include="Guardian.cpp">
      <Filter>MainGame\Object\Enemy</Filter>
    </ClCompile>
    <ClCompile Include="Queen.cpp">
      <Filter>MainGame\Object\Enemy</Filter>
    </ClCompile>
    <ClCompile Include="Ultralisk.cpp">
      <Filter>MainGame\Object\Unit</Filter>
    </ClCompile>
    <ClCompile Include="MissileMgr.cpp">
      <Filter>MainGame\Object\MissileManager</Filter>
    </ClCompile>
    <ClCompile Include="Missile.cpp">
      <Filter>MainGame\Object\MissileManager</Filter>
    </ClCompile>
    <ClCompile Include="UnitMissile.cpp">
      <Filter>MainGame\Object\MissileManager</Filter>
    </ClCompile>
    <ClCompile Include="EnemyMissile.cpp">
      <Filter>MainGame\Object\MissileManager</Filter>
    </ClCompile>
    <ClCompile Include="Kerrigan.cpp">
      <Filter>MainGame\Object\Enemy</Filter>
    </ClCompile>
    <ClCompile Include="Item.cpp">
      <Filter>MainGame\Object\Item</Filter>
    </ClCompile>
    <ClCompile Include="ItemMgr.cpp">
      <Filter>MainGame\Object\Item</Filter>
    </ClCompile>
    <ClCompile Include="PowerItem.cpp">
      <Filter>MainGame\Object\Item</Filter>
    </ClCompile>
    <ClCompile Include="Protoss.cpp">
      <Filter>MainGame\Object\Enemy</Filter>
    </ClCompile>
    <ClCompile Include="Player.cpp">
      <Filter>MainGame</Filter>
    </ClCompile>
    <ClCompile Include="BoomItem.cpp">
      <Filter>MainGame\Object\Item</Filter>
    </ClCompile>
  </ItemGroup>
  <ItemGroup>
    <ClInclude Include="pch.h">
      <Filter>헤더 파일</Filter>
    </ClInclude>
    <ClInclude Include="macroFunction.h">
      <Filter>헤더 파일</Filter>
    </ClInclude>
    <ClInclude Include="ImageManager.h">
      <Filter>2DFrameWork\Manager</Filter>
    </ClInclude>
    <ClInclude Include="KeyManager.h">
      <Filter>2DFrameWork\Manager</Filter>
    </ClInclude>
    <ClInclude Include="TImeManager.h">
      <Filter>2DFrameWork\Manager</Filter>
    </ClInclude>
    <ClInclude Include="SoundManager.h">
      <Filter>2DFrameWork\Manager</Filter>
    </ClInclude>
    <ClInclude Include="Timer.h">
      <Filter>2DFrameWork\Timer</Filter>
    </ClInclude>
    <ClInclude Include="SingletonBase.h">
      <Filter>2DFrameWork\Manager</Filter>
    </ClInclude>
    <ClInclude Include="Image.h">
      <Filter>2DFrameWork</Filter>
    </ClInclude>
    <ClInclude Include="MainGame.h">
      <Filter>MainGame</Filter>
    </ClInclude>
    <ClInclude Include="BattleScene.h">
      <Filter>MainGame</Filter>
    </ClInclude>
    <ClInclude Include="Player.h">
      <Filter>MainGame</Filter>
    </ClInclude>
    <ClInclude Include="SceneManager.h">
      <Filter>MainGame</Filter>
    </ClInclude>
    <ClInclude Include="ObjectPool.h">
      <Filter>MainGame</Filter>
    </ClInclude>
    <ClInclude Include="Enemy.h">
      <Filter>MainGame\Object\Enemy</Filter>
    </ClInclude>
    <ClInclude Include="EnemyMgr.h">
      <Filter>MainGame\Object\Enemy</Filter>
    </ClInclude>
    <ClInclude Include="Wraith.h">
      <Filter>MainGame\Object\Enemy</Filter>
    </ClInclude>
    <ClInclude Include="Defiler.h">
      <Filter>MainGame\Object\Unit</Filter>
    </ClInclude>
    <ClInclude Include="Unit.h">
      <Filter>MainGame\Object\Unit</Filter>
    </ClInclude>
    <ClInclude Include="UIBattle.h">
      <Filter>MainGame\UI</Filter>
    </ClInclude>
    <ClInclude Include="Map.h">
      <Filter>MainGame\UI\Map</Filter>
    </ClInclude>
    <ClInclude Include="Mutalisk.h">
      <Filter>MainGame\Object\Unit</Filter>
    </ClInclude>
    <ClInclude Include="Scurge.h">
      <Filter>MainGame\Object\Enemy</Filter>
    </ClInclude>
    <ClInclude Include="BattleCruiser.h">
      <Filter>MainGame\Object\Enemy</Filter>
    </ClInclude>
    <ClInclude Include="Dragoon.h">
      <Filter>MainGame\Object\Enemy</Filter>
    </ClInclude>
    <ClInclude Include="Guardian.h">
      <Filter>MainGame\Object\Enemy</Filter>
    </ClInclude>
    <ClInclude Include="Queen.h">
      <Filter>MainGame\Object\Enemy</Filter>
    </ClInclude>
    <ClInclude Include="Ultralisk.h">
      <Filter>MainGame\Object\Unit</Filter>
    </ClInclude>
    <ClInclude Include="MissileMgr.h">
      <Filter>MainGame\Object\MissileManager</Filter>
    </ClInclude>
    <ClInclude Include="Missile.h">
      <Filter>MainGame\Object\MissileManager</Filter>
    </ClInclude>
    <ClInclude Include="UnitMissile.h">
      <Filter>MainGame\Object\MissileManager</Filter>
    </ClInclude>
    <ClInclude Include="EnemyMissile.h">
      <Filter>MainGame\Object\MissileManager</Filter>
    </ClInclude>
    <ClInclude Include="Kerrigan.h">
      <Filter>MainGame\Object\Enemy</Filter>
    </ClInclude>
    <ClInclude Include="Item.h">
      <Filter>MainGame\Object\Item</Filter>
    </ClInclude>
    <ClInclude Include="ItemMgr.h">
      <Filter>MainGame\Object\Item</Filter>
    </ClInclude>
    <ClInclude Include="PowerItem.h">
      <Filter>MainGame\Object\Item</Filter>
    </ClInclude>
    <ClInclude Include="Protoss.h">
      <Filter>MainGame\Object\Enemy</Filter>
    </ClInclude>
    <ClInclude Include="BoomItem.h">
      <Filter>MainGame\Object\Item</Filter>
    </ClInclude>
  </ItemGroup>
</Project>